// !$*UTF8*$!
{
	archiveVersion = 1;
	classes = {
	};
	objectVersion = 50;
	objects = {

/* Begin PBXBuildFile section */
		8F55028C2633AA0900479891 /* AppDelegate.swift in Sources */ = {isa = PBXBuildFile; fileRef = 8F55028B2633AA0900479891 /* AppDelegate.swift */; };
		8F55028E2633AA0900479891 /* SceneDelegate.swift in Sources */ = {isa = PBXBuildFile; fileRef = 8F55028D2633AA0900479891 /* SceneDelegate.swift */; };
		8F5502932633AA0900479891 /* Main.storyboard in Resources */ = {isa = PBXBuildFile; fileRef = 8F5502912633AA0900479891 /* Main.storyboard */; };
		8F5502952633AA0D00479891 /* Assets.xcassets in Resources */ = {isa = PBXBuildFile; fileRef = 8F5502942633AA0D00479891 /* Assets.xcassets */; };
		8F5502982633AA0D00479891 /* LaunchScreen.storyboard in Resources */ = {isa = PBXBuildFile; fileRef = 8F5502962633AA0D00479891 /* LaunchScreen.storyboard */; };
		8F5502AF2633B1A200479891 /* SplashScreenViewController.swift in Sources */ = {isa = PBXBuildFile; fileRef = 8F5502AE2633B1A200479891 /* SplashScreenViewController.swift */; };
		8F5502B32633B1F800479891 /* Reachability.swift in Sources */ = {isa = PBXBuildFile; fileRef = 8F5502B22633B1F800479891 /* Reachability.swift */; };
		8F5502BD2633B56200479891 /* Localizable.strings in Resources */ = {isa = PBXBuildFile; fileRef = 8F5502BF2633B56200479891 /* Localizable.strings */; };
		8F5502C32633B65700479891 /* UIViewControllerExtensions.swift in Sources */ = {isa = PBXBuildFile; fileRef = 8F5502C22633B65700479891 /* UIViewControllerExtensions.swift */; };
		8F5502C92633BB1E00479891 /* HomeScreenViewController.swift in Sources */ = {isa = PBXBuildFile; fileRef = 8F5502C82633BB1E00479891 /* HomeScreenViewController.swift */; };
/* End PBXBuildFile section */

/* Begin PBXFileReference section */
		8F5502882633AA0900479891 /* Kafein.app */ = {isa = PBXFileReference; explicitFileType = wrapper.application; includeInIndex = 0; path = Kafein.app; sourceTree = BUILT_PRODUCTS_DIR; };
		8F55028B2633AA0900479891 /* AppDelegate.swift */ = {isa = PBXFileReference; lastKnownFileType = sourcecode.swift; path = AppDelegate.swift; sourceTree = "<group>"; };
		8F55028D2633AA0900479891 /* SceneDelegate.swift */ = {isa = PBXFileReference; lastKnownFileType = sourcecode.swift; path = SceneDelegate.swift; sourceTree = "<group>"; };
		8F5502922633AA0900479891 /* Base */ = {isa = PBXFileReference; lastKnownFileType = file.storyboard; name = Base; path = Base.lproj/Main.storyboard; sourceTree = "<group>"; };
		8F5502942633AA0D00479891 /* Assets.xcassets */ = {isa = PBXFileReference; lastKnownFileType = folder.assetcatalog; path = Assets.xcassets; sourceTree = "<group>"; };
		8F5502972633AA0D00479891 /* Base */ = {isa = PBXFileReference; lastKnownFileType = file.storyboard; name = Base; path = Base.lproj/LaunchScreen.storyboard; sourceTree = "<group>"; };
		8F5502992633AA0D00479891 /* Info.plist */ = {isa = PBXFileReference; lastKnownFileType = text.plist.xml; path = Info.plist; sourceTree = "<group>"; };
		8F5502AE2633B1A200479891 /* SplashScreenViewController.swift */ = {isa = PBXFileReference; lastKnownFileType = sourcecode.swift; path = SplashScreenViewController.swift; sourceTree = "<group>"; };
		8F5502B22633B1F800479891 /* Reachability.swift */ = {isa = PBXFileReference; lastKnownFileType = sourcecode.swift; path = Reachability.swift; sourceTree = "<group>"; };
		8F5502BE2633B56200479891 /* en */ = {isa = PBXFileReference; lastKnownFileType = text.plist.strings; name = en; path = en.lproj/Localizable.strings; sourceTree = "<group>"; };
		8F5502C22633B65700479891 /* UIViewControllerExtensions.swift */ = {isa = PBXFileReference; lastKnownFileType = sourcecode.swift; path = UIViewControllerExtensions.swift; sourceTree = "<group>"; };
		8F5502C82633BB1E00479891 /* HomeScreenViewController.swift */ = {isa = PBXFileReference; lastKnownFileType = sourcecode.swift; path = HomeScreenViewController.swift; sourceTree = "<group>"; };
/* End PBXFileReference section */

/* Begin PBXFrameworksBuildPhase section */
		8F5502852633AA0900479891 /* Frameworks */ = {
			isa = PBXFrameworksBuildPhase;
			buildActionMask = 2147483647;
			files = (
			);
			runOnlyForDeploymentPostprocessing = 0;
		};
/* End PBXFrameworksBuildPhase section */

/* Begin PBXGroup section */
		8F55027F2633AA0900479891 = {
			isa = PBXGroup;
			children = (
				8F55028A2633AA0900479891 /* Kafein */,
				8F5502892633AA0900479891 /* Products */,
			);
			sourceTree = "<group>";
		};
		8F5502892633AA0900479891 /* Products */ = {
			isa = PBXGroup;
			children = (
				8F5502882633AA0900479891 /* Kafein.app */,
			);
			name = Products;
			sourceTree = "<group>";
		};
		8F55028A2633AA0900479891 /* Kafein */ = {
			isa = PBXGroup;
			children = (
				8F5502A92633AE1000479891 /* Application */,
				8F5502A22633AD9D00479891 /* Common */,
				8F5502A82633ADE300479891 /* Helper */,
				8F5502A32633ADB300479891 /* ObjectStore */,
				8F5502A42633ADBA00479891 /* Presentation */,
				8F5502A52633ADCA00479891 /* Resource */,
				8F5502A62633ADD000479891 /* Screen */,
				8F5502A72633ADD700479891 /* WebService */,
				8F5502942633AA0D00479891 /* Assets.xcassets */,
				8F5502992633AA0D00479891 /* Info.plist */,
				8F5502962633AA0D00479891 /* LaunchScreen.storyboard */,
			);
			path = Kafein;
			sourceTree = "<group>";
		};
		8F5502A22633AD9D00479891 /* Common */ = {
			isa = PBXGroup;
			children = (
				8F5502C12633B64200479891 /* Extensions */,
			);
			path = Common;
			sourceTree = "<group>";
		};
		8F5502A32633ADB300479891 /* ObjectStore */ = {
			isa = PBXGroup;
			children = (
			);
			path = ObjectStore;
			sourceTree = "<group>";
		};
		8F5502A42633ADBA00479891 /* Presentation */ = {
			isa = PBXGroup;
			children = (
			);
			path = Presentation;
			sourceTree = "<group>";
		};
		8F5502A52633ADCA00479891 /* Resource */ = {
			isa = PBXGroup;
			children = (
				8F5502B82633B53400479891 /* Strings */,
			);
			path = Resource;
			sourceTree = "<group>";
		};
		8F5502A62633ADD000479891 /* Screen */ = {
			isa = PBXGroup;
			children = (
				8F5502C62633BAFA00479891 /* HomeScreen */,
				8F5502AB2633AEC300479891 /* SplashScreen */,
			);
			path = Screen;
			sourceTree = "<group>";
		};
		8F5502A72633ADD700479891 /* WebService */ = {
			isa = PBXGroup;
			children = (
			);
			path = WebService;
			sourceTree = "<group>";
		};
		8F5502A82633ADE300479891 /* Helper */ = {
			isa = PBXGroup;
			children = (
				8F5502B22633B1F800479891 /* Reachability.swift */,
			);
			path = Helper;
			sourceTree = "<group>";
		};
		8F5502A92633AE1000479891 /* Application */ = {
			isa = PBXGroup;
			children = (
				8F5502AA2633AE2800479891 /* Delegate */,
			);
			path = Application;
			sourceTree = "<group>";
		};
		8F5502AA2633AE2800479891 /* Delegate */ = {
			isa = PBXGroup;
			children = (
				8F55028B2633AA0900479891 /* AppDelegate.swift */,
				8F55028D2633AA0900479891 /* SceneDelegate.swift */,
			);
			path = Delegate;
			sourceTree = "<group>";
		};
		8F5502AB2633AEC300479891 /* SplashScreen */ = {
			isa = PBXGroup;
			children = (
				8F5502AD2633B18400479891 /* ViewController */,
				8F5502912633AA0900479891 /* Main.storyboard */,
			);
			path = SplashScreen;
			sourceTree = "<group>";
		};
		8F5502AD2633B18400479891 /* ViewController */ = {
			isa = PBXGroup;
			children = (
				8F5502AE2633B1A200479891 /* SplashScreenViewController.swift */,
			);
			path = ViewController;
			sourceTree = "<group>";
		};
		8F5502B82633B53400479891 /* Strings */ = {
			isa = PBXGroup;
			children = (
				8F5502BF2633B56200479891 /* Localizable.strings */,
			);
			path = Strings;
			sourceTree = "<group>";
		};
		8F5502C12633B64200479891 /* Extensions */ = {
			isa = PBXGroup;
			children = (
				8F5502C22633B65700479891 /* UIViewControllerExtensions.swift */,
			);
			path = Extensions;
			sourceTree = "<group>";
		};
		8F5502C62633BAFA00479891 /* HomeScreen */ = {
			isa = PBXGroup;
			children = (
				8F5502C72633BB0700479891 /* ViewController */,
			);
			path = HomeScreen;
			sourceTree = "<group>";
		};
		8F5502C72633BB0700479891 /* ViewController */ = {
			isa = PBXGroup;
			children = (
				8F5502C82633BB1E00479891 /* HomeScreenViewController.swift */,
			);
			path = ViewController;
			sourceTree = "<group>";
		};
/* End PBXGroup section */

/* Begin PBXNativeTarget section */
		8F5502872633AA0900479891 /* Kafein */ = {
			isa = PBXNativeTarget;
			buildConfigurationList = 8F55029C2633AA0D00479891 /* Build configuration list for PBXNativeTarget "Kafein" */;
			buildPhases = (
				8F5502842633AA0900479891 /* Sources */,
				8F5502852633AA0900479891 /* Frameworks */,
				8F5502862633AA0900479891 /* Resources */,
			);
			buildRules = (
			);
			dependencies = (
			);
			name = Kafein;
			productName = Kafein;
			productReference = 8F5502882633AA0900479891 /* Kafein.app */;
			productType = "com.apple.product-type.application";
		};
/* End PBXNativeTarget section */

/* Begin PBXProject section */
		8F5502802633AA0900479891 /* Project object */ = {
			isa = PBXProject;
			attributes = {
				LastSwiftUpdateCheck = 1240;
				LastUpgradeCheck = 1240;
				TargetAttributes = {
					8F5502872633AA0900479891 = {
						CreatedOnToolsVersion = 12.4;
					};
				};
			};
			buildConfigurationList = 8F5502832633AA0900479891 /* Build configuration list for PBXProject "Kafein" */;
			compatibilityVersion = "Xcode 9.3";
			developmentRegion = en;
			hasScannedForEncodings = 0;
			knownRegions = (
				en,
				Base,
			);
			mainGroup = 8F55027F2633AA0900479891;
			productRefGroup = 8F5502892633AA0900479891 /* Products */;
			projectDirPath = "";
			projectRoot = "";
			targets = (
				8F5502872633AA0900479891 /* Kafein */,
			);
		};
/* End PBXProject section */

/* Begin PBXResourcesBuildPhase section */
		8F5502862633AA0900479891 /* Resources */ = {
			isa = PBXResourcesBuildPhase;
			buildActionMask = 2147483647;
			files = (
				8F5502982633AA0D00479891 /* LaunchScreen.storyboard in Resources */,
				8F5502BD2633B56200479891 /* Localizable.strings in Resources */,
				8F5502952633AA0D00479891 /* Assets.xcassets in Resources */,
				8F5502932633AA0900479891 /* Main.storyboard in Resources */,
			);
			runOnlyForDeploymentPostprocessing = 0;
		};
/* End PBXResourcesBuildPhase section */

/* Begin PBXSourcesBuildPhase section */
		8F5502842633AA0900479891 /* Sources */ = {
			isa = PBXSourcesBuildPhase;
			buildActionMask = 2147483647;
			files = (
				8F55028C2633AA0900479891 /* AppDelegate.swift in Sources */,
				8F5502AF2633B1A200479891 /* SplashScreenViewController.swift in Sources */,
				8F5502C32633B65700479891 /* UIViewControllerExtensions.swift in Sources */,
				8F5502B32633B1F800479891 /* Reachability.swift in Sources */,
				8F55028E2633AA0900479891 /* SceneDelegate.swift in Sources */,
				8F5502C92633BB1E00479891 /* HomeScreenViewController.swift in Sources */,
			);
			runOnlyForDeploymentPostprocessing = 0;
		};
/* End PBXSourcesBuildPhase section */

/* Begin PBXVariantGroup section */
		8F5502912633AA0900479891 /* Main.storyboard */ = {
			isa = PBXVariantGroup;
			children = (
				8F5502922633AA0900479891 /* Base */,
			);
			name = Main.storyboard;
			sourceTree = "<group>";
		};
		8F5502962633AA0D00479891 /* LaunchScreen.storyboard */ = {
			isa = PBXVariantGroup;
			children = (
				8F5502972633AA0D00479891 /* Base */,
			);
			name = LaunchScreen.storyboard;
			sourceTree = "<group>";
		};
		8F5502BF2633B56200479891 /* Localizable.strings */ = {
			isa = PBXVariantGroup;
			children = (
				8F5502BE2633B56200479891 /* en */,
			);
			name = Localizable.strings;
			sourceTree = "<group>";
		};
/* End PBXVariantGroup section */

/* Begin XCBuildConfiguration section */
		8F55029A2633AA0D00479891 /* Debug */ = {
			isa = XCBuildConfiguration;
			buildSettings = {
				ALWAYS_SEARCH_USER_PATHS = NO;
				CLANG_ANALYZER_NONNULL = YES;
				CLANG_ANALYZER_NUMBER_OBJECT_CONVERSION = YES_AGGRESSIVE;
				CLANG_CXX_LANGUAGE_STANDARD = "gnu++14";
				CLANG_CXX_LIBRARY = "libc++";
				CLANG_ENABLE_MODULES = YES;
				CLANG_ENABLE_OBJC_ARC = YES;
				CLANG_ENABLE_OBJC_WEAK = YES;
				CLANG_WARN_BLOCK_CAPTURE_AUTORELEASING = YES;
				CLANG_WARN_BOOL_CONVERSION = YES;
				CLANG_WARN_COMMA = YES;
				CLANG_WARN_CONSTANT_CONVERSION = YES;
				CLANG_WARN_DEPRECATED_OBJC_IMPLEMENTATIONS = YES;
				CLANG_WARN_DIRECT_OBJC_ISA_USAGE = YES_ERROR;
				CLANG_WARN_DOCUMENTATION_COMMENTS = YES;
				CLANG_WARN_EMPTY_BODY = YES;
				CLANG_WARN_ENUM_CONVERSION = YES;
				CLANG_WARN_INFINITE_RECURSION = YES;
				CLANG_WARN_INT_CONVERSION = YES;
				CLANG_WARN_NON_LITERAL_NULL_CONVERSION = YES;
				CLANG_WARN_OBJC_IMPLICIT_RETAIN_SELF = YES;
				CLANG_WARN_OBJC_LITERAL_CONVERSION = YES;
				CLANG_WARN_OBJC_ROOT_CLASS = YES_ERROR;
				CLANG_WARN_QUOTED_INCLUDE_IN_FRAMEWORK_HEADER = YES;
				CLANG_WARN_RANGE_LOOP_ANALYSIS = YES;
				CLANG_WARN_STRICT_PROTOTYPES = YES;
				CLANG_WARN_SUSPICIOUS_MOVE = YES;
				CLANG_WARN_UNGUARDED_AVAILABILITY = YES_AGGRESSIVE;
				CLANG_WARN_UNREACHABLE_CODE = YES;
				CLANG_WARN__DUPLICATE_METHOD_MATCH = YES;
				COPY_PHASE_STRIP = NO;
				DEBUG_INFORMATION_FORMAT = dwarf;
				ENABLE_STRICT_OBJC_MSGSEND = YES;
				ENABLE_TESTABILITY = YES;
				GCC_C_LANGUAGE_STANDARD = gnu11;
				GCC_DYNAMIC_NO_PIC = NO;
				GCC_NO_COMMON_BLOCKS = YES;
				GCC_OPTIMIZATION_LEVEL = 0;
				GCC_PREPROCESSOR_DEFINITIONS = (
					"DEBUG=1",
					"$(inherited)",
				);
				GCC_WARN_64_TO_32_BIT_CONVERSION = YES;
				GCC_WARN_ABOUT_RETURN_TYPE = YES_ERROR;
				GCC_WARN_UNDECLARED_SELECTOR = YES;
				GCC_WARN_UNINITIALIZED_AUTOS = YES_AGGRESSIVE;
				GCC_WARN_UNUSED_FUNCTION = YES;
				GCC_WARN_UNUSED_VARIABLE = YES;
				IPHONEOS_DEPLOYMENT_TARGET = 13.0;
				MTL_ENABLE_DEBUG_INFO = INCLUDE_SOURCE;
				MTL_FAST_MATH = YES;
				ONLY_ACTIVE_ARCH = YES;
				SDKROOT = iphoneos;
				SWIFT_ACTIVE_COMPILATION_CONDITIONS = DEBUG;
				SWIFT_OPTIMIZATION_LEVEL = "-Onone";
			};
			name = Debug;
		};
		8F55029B2633AA0D00479891 /* Release */ = {
			isa = XCBuildConfiguration;
			buildSettings = {
				ALWAYS_SEARCH_USER_PATHS = NO;
				CLANG_ANALYZER_NONNULL = YES;
				CLANG_ANALYZER_NUMBER_OBJECT_CONVERSION = YES_AGGRESSIVE;
				CLANG_CXX_LANGUAGE_STANDARD = "gnu++14";
				CLANG_CXX_LIBRARY = "libc++";
				CLANG_ENABLE_MODULES = YES;
				CLANG_ENABLE_OBJC_ARC = YES;
				CLANG_ENABLE_OBJC_WEAK = YES;
				CLANG_WARN_BLOCK_CAPTURE_AUTORELEASING = YES;
				CLANG_WARN_BOOL_CONVERSION = YES;
				CLANG_WARN_COMMA = YES;
				CLANG_WARN_CONSTANT_CONVERSION = YES;
				CLANG_WARN_DEPRECATED_OBJC_IMPLEMENTATIONS = YES;
				CLANG_WARN_DIRECT_OBJC_ISA_USAGE = YES_ERROR;
				CLANG_WARN_DOCUMENTATION_COMMENTS = YES;
				CLANG_WARN_EMPTY_BODY = YES;
				CLANG_WARN_ENUM_CONVERSION = YES;
				CLANG_WARN_INFINITE_RECURSION = YES;
				CLANG_WARN_INT_CONVERSION = YES;
				CLANG_WARN_NON_LITERAL_NULL_CONVERSION = YES;
				CLANG_WARN_OBJC_IMPLICIT_RETAIN_SELF = YES;
				CLANG_WARN_OBJC_LITERAL_CONVERSION = YES;
				CLANG_WARN_OBJC_ROOT_CLASS = YES_ERROR;
				CLANG_WARN_QUOTED_INCLUDE_IN_FRAMEWORK_HEADER = YES;
				CLANG_WARN_RANGE_LOOP_ANALYSIS = YES;
				CLANG_WARN_STRICT_PROTOTYPES = YES;
				CLANG_WARN_SUSPICIOUS_MOVE = YES;
				CLANG_WARN_UNGUARDED_AVAILABILITY = YES_AGGRESSIVE;
				CLANG_WARN_UNREACHABLE_CODE = YES;
				CLANG_WARN__DUPLICATE_METHOD_MATCH = YES;
				COPY_PHASE_STRIP = NO;
				DEBUG_INFORMATION_FORMAT = "dwarf-with-dsym";
				ENABLE_NS_ASSERTIONS = NO;
				ENABLE_STRICT_OBJC_MSGSEND = YES;
				GCC_C_LANGUAGE_STANDARD = gnu11;
				GCC_NO_COMMON_BLOCKS = YES;
				GCC_WARN_64_TO_32_BIT_CONVERSION = YES;
				GCC_WARN_ABOUT_RETURN_TYPE = YES_ERROR;
				GCC_WARN_UNDECLARED_SELECTOR = YES;
				GCC_WARN_UNINITIALIZED_AUTOS = YES_AGGRESSIVE;
				GCC_WARN_UNUSED_FUNCTION = YES;
				GCC_WARN_UNUSED_VARIABLE = YES;
				IPHONEOS_DEPLOYMENT_TARGET = 13.0;
				MTL_ENABLE_DEBUG_INFO = NO;
				MTL_FAST_MATH = YES;
				SDKROOT = iphoneos;
				SWIFT_COMPILATION_MODE = wholemodule;
				SWIFT_OPTIMIZATION_LEVEL = "-O";
				VALIDATE_PRODUCT = YES;
			};
			name = Release;
		};
		8F55029D2633AA0D00479891 /* Debug */ = {
			isa = XCBuildConfiguration;
			buildSettings = {
				ASSETCATALOG_COMPILER_APPICON_NAME = AppIcon;
				ASSETCATALOG_COMPILER_GLOBAL_ACCENT_COLOR_NAME = AccentColor;
				CODE_SIGN_STYLE = Automatic;
				DEVELOPMENT_TEAM = 72GA34S55G;
				INFOPLIST_FILE = Kafein/Info.plist;
				LD_RUNPATH_SEARCH_PATHS = (
					"$(inherited)",
					"@executable_path/Frameworks",
				);
				PRODUCT_BUNDLE_IDENTIFIER = "com.Enes-Aksoy.Kafein";
				PRODUCT_NAME = "$(TARGET_NAME)";
				SWIFT_VERSION = 5.0;
				TARGETED_DEVICE_FAMILY = "1,2";
			};
			name = Debug;
		};
		8F55029E2633AA0D00479891 /* Release */ = {
			isa = XCBuildConfiguration;
			buildSettings = {
				ASSETCATALOG_COMPILER_APPICON_NAME = AppIcon;
				ASSETCATALOG_COMPILER_GLOBAL_ACCENT_COLOR_NAME = AccentColor;
				CODE_SIGN_STYLE = Automatic;
				DEVELOPMENT_TEAM = 72GA34S55G;
				INFOPLIST_FILE = Kafein/Info.plist;
				LD_RUNPATH_SEARCH_PATHS = (
					"$(inherited)",
					"@executable_path/Frameworks",
				);
				PRODUCT_BUNDLE_IDENTIFIER = "com.Enes-Aksoy.Kafein";
				PRODUCT_NAME = "$(TARGET_NAME)";
				SWIFT_VERSION = 5.0;
				TARGETED_DEVICE_FAMILY = "1,2";
			};
			name = Release;
		};
/* End XCBuildConfiguration section */

/* Begin XCConfigurationList section */
		8F5502832633AA0900479891 /* Build configuration list for PBXProject "Kafein" */ = {
			isa = XCConfigurationList;
			buildConfigurations = (
				8F55029A2633AA0D00479891 /* Debug */,
				8F55029B2633AA0D00479891 /* Release */,
			);
			defaultConfigurationIsVisible = 0;
			defaultConfigurationName = Release;
		};
		8F55029C2633AA0D00479891 /* Build configuration list for PBXNativeTarget "Kafein" */ = {
			isa = XCConfigurationList;
			buildConfigurations = (
				8F55029D2633AA0D00479891 /* Debug */,
				8F55029E2633AA0D00479891 /* Release */,
			);
			defaultConfigurationIsVisible = 0;
			defaultConfigurationName = Release;
		};
/* End XCConfigurationList section */
	};
	rootObject = 8F5502802633AA0900479891 /* Project object */;
}
